
Microsoft Visual Studio Solution File, Format Version 12.00
# Visual Studio 15
VisualStudioVersion = 15.0.27428.2011
MinimumVisualStudioVersion = 10.0.40219.1
Project("{8BC9CEB8-8B4A-11D0-8D11-00A0C91BC942}") = "게임 매니악스 퍼즐 게임 알고리즘", "게임 매니악스 퍼즐 게임 알고리즘.vcxproj", "{A4D969A3-1EF6-47E6-B552-50E754EC6B5D}"
EndProject
Project("{8BC9CEB8-8B4A-11D0-8D11-00A0C91BC942}") = "LibGame", "..\LibGame\LibGame.vcxproj", "{F1A079A4-F6EE-4D98-97E2-BD84BE7434FA}"
EndProject
Project("{8BC9CEB8-8B4A-11D0-8D11-00A0C91BC942}") = "LibUtil", "..\LibUtil\LibUtil.vcxproj", "{2D0FC383-A58E-422A-9023-CAA6F38C1AA9}"
EndProject
Global
	GlobalSection(SolutionConfigurationPlatforms) = preSolution
		Debug|Win32 = Debug|Win32
		Release|Win32 = Release|Win32
	EndGlobalSection
	GlobalSection(ProjectConfigurationPlatforms) = postSolution
		{A4D969A3-1EF6-47E6-B552-50E754EC6B5D}.Debug|Win32.ActiveCfg = Debug|Win32
		{A4D969A3-1EF6-47E6-B552-50E754EC6B5D}.Debug|Win32.Build.0 = Debug|Win32
		{A4D969A3-1EF6-47E6-B552-50E754EC6B5D}.Release|Win32.ActiveCfg = Release|Win32
		{A4D969A3-1EF6-47E6-B552-50E754EC6B5D}.Release|Win32.Build.0 = Release|Win32
		{F1A079A4-F6EE-4D98-97E2-BD84BE7434FA}.Debug|Win32.ActiveCfg = Debug|Win32
		{F1A079A4-F6EE-4D98-97E2-BD84BE7434FA}.Debug|Win32.Build.0 = Debug|Win32
		{F1A079A4-F6EE-4D98-97E2-BD84BE7434FA}.Release|Win32.ActiveCfg = Release|Win32
		{F1A079A4-F6EE-4D98-97E2-BD84BE7434FA}.Release|Win32.Build.0 = Release|Win32
		{2D0FC383-A58E-422A-9023-CAA6F38C1AA9}.Debug|Win32.ActiveCfg = Debug|Win32
		{2D0FC383-A58E-422A-9023-CAA6F38C1AA9}.Debug|Win32.Build.0 = Debug|Win32
		{2D0FC383-A58E-422A-9023-CAA6F38C1AA9}.Release|Win32.ActiveCfg = Release|Win32
		{2D0FC383-A58E-422A-9023-CAA6F38C1AA9}.Release|Win32.Build.0 = Release|Win32
	EndGlobalSection
	GlobalSection(SolutionProperties) = preSolution
		HideSolutionNode = FALSE
	EndGlobalSection
	GlobalSection(ExtensibilityGlobals) = postSolution
		SolutionGuid = {5C912D2C-A18F-4730-AD13-77EABE83A097}
	EndGlobalSection
EndGlobal
