
Microsoft Visual Studio Solution File, Format Version 12.00
# Visual Studio 15
VisualStudioVersion = 15.0.27428.2011
MinimumVisualStudioVersion = 10.0.40219.1
Project("{8BC9CEB8-8B4A-11D0-8D11-00A0C91BC942}") = "게임 매니악스 퍼즐 게임 알고리즘", "게임 매니악스 퍼즐 게임 알고리즘\게임 매니악스 퍼즐 게임 알고리즘.vcxproj", "{A4D969A3-1EF6-47E6-B552-50E754EC6B5D}"
EndProject
Project("{8BC9CEB8-8B4A-11D0-8D11-00A0C91BC942}") = "LibGame", "LibGame\LibGame.vcxproj", "{F1A079A4-F6EE-4D98-97E2-BD84BE7434FA}"
EndProject
Project("{8BC9CEB8-8B4A-11D0-8D11-00A0C91BC942}") = "LibUtil", "LibUtil\LibUtil.vcxproj", "{2D0FC383-A58E-422A-9023-CAA6F38C1AA9}"
EndProject
Global
	GlobalSection(SolutionConfigurationPlatforms) = preSolution
		Debug|x64 = Debug|x64
		Debug|x86 = Debug|x86
		Release|x64 = Release|x64
		Release|x86 = Release|x86
	EndGlobalSection
	GlobalSection(ProjectConfigurationPlatforms) = postSolution
		{A4D969A3-1EF6-47E6-B552-50E754EC6B5D}.Debug|x64.ActiveCfg = Debug|x64
		{A4D969A3-1EF6-47E6-B552-50E754EC6B5D}.Debug|x64.Build.0 = Debug|x64
		{A4D969A3-1EF6-47E6-B552-50E754EC6B5D}.Debug|x86.ActiveCfg = Debug|Win32
		{A4D969A3-1EF6-47E6-B552-50E754EC6B5D}.Debug|x86.Build.0 = Debug|Win32
		{A4D969A3-1EF6-47E6-B552-50E754EC6B5D}.Release|x64.ActiveCfg = Release|x64
		{A4D969A3-1EF6-47E6-B552-50E754EC6B5D}.Release|x64.Build.0 = Release|x64
		{A4D969A3-1EF6-47E6-B552-50E754EC6B5D}.Release|x86.ActiveCfg = Release|Win32
		{A4D969A3-1EF6-47E6-B552-50E754EC6B5D}.Release|x86.Build.0 = Release|Win32
		{F1A079A4-F6EE-4D98-97E2-BD84BE7434FA}.Debug|x64.ActiveCfg = Debug|x64
		{F1A079A4-F6EE-4D98-97E2-BD84BE7434FA}.Debug|x64.Build.0 = Debug|x64
		{F1A079A4-F6EE-4D98-97E2-BD84BE7434FA}.Debug|x86.ActiveCfg = Debug|Win32
		{F1A079A4-F6EE-4D98-97E2-BD84BE7434FA}.Debug|x86.Build.0 = Debug|Win32
		{F1A079A4-F6EE-4D98-97E2-BD84BE7434FA}.Release|x64.ActiveCfg = Release|x64
		{F1A079A4-F6EE-4D98-97E2-BD84BE7434FA}.Release|x64.Build.0 = Release|x64
		{F1A079A4-F6EE-4D98-97E2-BD84BE7434FA}.Release|x86.ActiveCfg = Release|Win32
		{F1A079A4-F6EE-4D98-97E2-BD84BE7434FA}.Release|x86.Build.0 = Release|Win32
		{2D0FC383-A58E-422A-9023-CAA6F38C1AA9}.Debug|x64.ActiveCfg = Debug|x64
		{2D0FC383-A58E-422A-9023-CAA6F38C1AA9}.Debug|x64.Build.0 = Debug|x64
		{2D0FC383-A58E-422A-9023-CAA6F38C1AA9}.Debug|x86.ActiveCfg = Debug|Win32
		{2D0FC383-A58E-422A-9023-CAA6F38C1AA9}.Debug|x86.Build.0 = Debug|Win32
		{2D0FC383-A58E-422A-9023-CAA6F38C1AA9}.Release|x64.ActiveCfg = Release|x64
		{2D0FC383-A58E-422A-9023-CAA6F38C1AA9}.Release|x64.Build.0 = Release|x64
		{2D0FC383-A58E-422A-9023-CAA6F38C1AA9}.Release|x86.ActiveCfg = Release|Win32
		{2D0FC383-A58E-422A-9023-CAA6F38C1AA9}.Release|x86.Build.0 = Release|Win32
	EndGlobalSection
	GlobalSection(SolutionProperties) = preSolution
		HideSolutionNode = FALSE
	EndGlobalSection
	GlobalSection(ExtensibilityGlobals) = postSolution
		SolutionGuid = {EE4BB707-EE70-46E4-BA62-0138D7DCC80F}
	EndGlobalSection
EndGlobal
